
Microsoft Visual Studio Solution File, Format Version 12.00
# Visual Studio Version 16
VisualStudioVersion = 16.0.31229.75
MinimumVisualStudioVersion = 10.0.40219.1
Project("{FAE04EC0-301F-11D3-BF4B-00C04F79EFBC}") = "ComputerVisionBulkUploader", "ComputerVisionBulkUploader\ComputerVisionBulkUploader.csproj", "{887D1332-BB19-4C8F-9B07-CE88C6D4FB59}"
EndProject
Global
	GlobalSection(SolutionConfigurationPlatforms) = preSolution
		Debug|Any CPU = Debug|Any CPU
		Release|Any CPU = Release|Any CPU
	EndGlobalSection
	GlobalSection(ProjectConfigurationPlatforms) = postSolution
		{887D1332-BB19-4C8F-9B07-CE88C6D4FB59}.Debug|Any CPU.ActiveCfg = Debug|Any CPU
		{887D1332-BB19-4C8F-9B07-CE88C6D4FB59}.Debug|Any CPU.Build.0 = Debug|Any CPU
		{887D1332-BB19-4C8F-9B07-CE88C6D4FB59}.Release|Any CPU.ActiveCfg = Release|Any CPU
		{887D1332-BB19-4C8F-9B07-CE88C6D4FB59}.Release|Any CPU.Build.0 = Release|Any CPU
	EndGlobalSection
	GlobalSection(SolutionProperties) = preSolution
		HideSolutionNode = FALSE
	EndGlobalSection
	GlobalSection(ExtensibilityGlobals) = postSolution
		SolutionGuid = {5A70FC4D-D416-4559-A293-47D58CEA2A84}
	EndGlobalSection
EndGlobal
